// !$*UTF8*$!
{
	archiveVersion = 1;
	classes = {
	};
	objectVersion = 50;
	objects = {

/* Begin PBXBuildFile section */
		B4052D90243F4E3D001FC3BB /* SplashViewModel.swift in Sources */ = {isa = PBXBuildFile; fileRef = B4052D8F243F4E3D001FC3BB /* SplashViewModel.swift */; };
		B4052D92243F59EF001FC3BB /* OfflineWeatherService.swift in Sources */ = {isa = PBXBuildFile; fileRef = B4052D91243F59EF001FC3BB /* OfflineWeatherService.swift */; };
		B4052D94243F5A71001FC3BB /* WeatherServiceFactory.swift in Sources */ = {isa = PBXBuildFile; fileRef = B4052D93243F5A71001FC3BB /* WeatherServiceFactory.swift */; };
		B4052D96243F5A91001FC3BB /* WeatherServiceProtocol.swift in Sources */ = {isa = PBXBuildFile; fileRef = B4052D95243F5A91001FC3BB /* WeatherServiceProtocol.swift */; };
		B4052D98243F5ACB001FC3BB /* LiveWeatherService.swift in Sources */ = {isa = PBXBuildFile; fileRef = B4052D97243F5ACB001FC3BB /* LiveWeatherService.swift */; };
		B40D12952434C33300985C4C /* ReadsJsonFromFile.swift in Sources */ = {isa = PBXBuildFile; fileRef = B40D12942434C33300985C4C /* ReadsJsonFromFile.swift */; };
		B40D12992434C44B00985C4C /* HomeView.swift in Sources */ = {isa = PBXBuildFile; fileRef = B40D12982434C44B00985C4C /* HomeView.swift */; };
		B41602CB2434C1380084250D /* lahore.json in Resources */ = {isa = PBXBuildFile; fileRef = B41602B22434C1380084250D /* lahore.json */; };
		B41602CC2434C1380084250D /* cities.json in Resources */ = {isa = PBXBuildFile; fileRef = B41602B32434C1380084250D /* cities.json */; };
		B41602CD2434C1380084250D /* OfflineCityService.swift in Sources */ = {isa = PBXBuildFile; fileRef = B41602B52434C1380084250D /* OfflineCityService.swift */; };
		B41602CF2434C1380084250D /* EndPointType.swift in Sources */ = {isa = PBXBuildFile; fileRef = B41602B92434C1380084250D /* EndPointType.swift */; };
		B41602D02434C1380084250D /* WeatherAPI.swift in Sources */ = {isa = PBXBuildFile; fileRef = B41602BA2434C1380084250D /* WeatherAPI.swift */; };
		B41602D12434C1380084250D /* NetworkRouter.swift in Sources */ = {isa = PBXBuildFile; fileRef = B41602BC2434C1380084250D /* NetworkRouter.swift */; };
		B41602D22434C1380084250D /* Router.swift in Sources */ = {isa = PBXBuildFile; fileRef = B41602BD2434C1380084250D /* Router.swift */; };
		B41602D32434C1380084250D /* HTTPTask.swift in Sources */ = {isa = PBXBuildFile; fileRef = B41602BF2434C1380084250D /* HTTPTask.swift */; };
		B41602D42434C1380084250D /* HTTPParameterEncoder.swift in Sources */ = {isa = PBXBuildFile; fileRef = B41602C02434C1380084250D /* HTTPParameterEncoder.swift */; };
		B41602D52434C1380084250D /* HTTPMethod.swift in Sources */ = {isa = PBXBuildFile; fileRef = B41602C12434C1380084250D /* HTTPMethod.swift */; };
		B41602D62434C1380084250D /* HTTPURLParameterEncoder.swift in Sources */ = {isa = PBXBuildFile; fileRef = B41602C22434C1380084250D /* HTTPURLParameterEncoder.swift */; };
		B41602D72434C1380084250D /* NetworkHandler.swift in Sources */ = {isa = PBXBuildFile; fileRef = B41602C42434C1380084250D /* NetworkHandler.swift */; };
		B41602D82434C1380084250D /* NetworkReachability.swift in Sources */ = {isa = PBXBuildFile; fileRef = B41602C62434C1380084250D /* NetworkReachability.swift */; };
		B41602D92434C1380084250D /* ImageService.swift in Sources */ = {isa = PBXBuildFile; fileRef = B41602C82434C1380084250D /* ImageService.swift */; };
		B4280623243E1B8A00788AE1 /* ActivityIndicator.swift in Sources */ = {isa = PBXBuildFile; fileRef = B4280622243E1B8A00788AE1 /* ActivityIndicator.swift */; };
		B4304ACF243E0D5C00E8F77A /* DummyHomeData.swift in Sources */ = {isa = PBXBuildFile; fileRef = B4304ACE243E0D5C00E8F77A /* DummyHomeData.swift */; };
		B4304AD2243E150D00E8F77A /* SplashView.swift in Sources */ = {isa = PBXBuildFile; fileRef = B4304AD1243E150D00E8F77A /* SplashView.swift */; };
		B44159A72434868900AA24D0 /* AppDelegate.swift in Sources */ = {isa = PBXBuildFile; fileRef = B44159A62434868900AA24D0 /* AppDelegate.swift */; };
		B44159A92434868900AA24D0 /* SceneDelegate.swift in Sources */ = {isa = PBXBuildFile; fileRef = B44159A82434868900AA24D0 /* SceneDelegate.swift */; };
		B44159AD2434868B00AA24D0 /* Assets.xcassets in Resources */ = {isa = PBXBuildFile; fileRef = B44159AC2434868B00AA24D0 /* Assets.xcassets */; };
		B44159B02434868B00AA24D0 /* Preview Assets.xcassets in Resources */ = {isa = PBXBuildFile; fileRef = B44159AF2434868B00AA24D0 /* Preview Assets.xcassets */; };
		B44159B32434868B00AA24D0 /* LaunchScreen.storyboard in Resources */ = {isa = PBXBuildFile; fileRef = B44159B12434868B00AA24D0 /* LaunchScreen.storyboard */; };
		B442CA772434B83100605DAA /* PresentsAlert.swift in Sources */ = {isa = PBXBuildFile; fileRef = B442CA762434B83100605DAA /* PresentsAlert.swift */; };
		B442CA792434BDE000605DAA /* Utility.swift in Sources */ = {isa = PBXBuildFile; fileRef = B442CA782434BDE000605DAA /* Utility.swift */; };
		B442CA7C2434BEBF00605DAA /* Constants.swift in Sources */ = {isa = PBXBuildFile; fileRef = B442CA7B2434BEBF00605DAA /* Constants.swift */; };
		B442CA7E2434BF6500605DAA /* Extensions.swift in Sources */ = {isa = PBXBuildFile; fileRef = B442CA7D2434BF6500605DAA /* Extensions.swift */; };
		B442CA802434BF8F00605DAA /* DecodesDataToModel.swift in Sources */ = {isa = PBXBuildFile; fileRef = B442CA7F2434BF8F00605DAA /* DecodesDataToModel.swift */; };
		B442CA872434BFF900605DAA /* City.swift in Sources */ = {isa = PBXBuildFile; fileRef = B442CA822434BFF900605DAA /* City.swift */; };
		B442CA882434BFF900605DAA /* WeatherParticular.swift in Sources */ = {isa = PBXBuildFile; fileRef = B442CA832434BFF900605DAA /* WeatherParticular.swift */; };
		B442CA892434BFF900605DAA /* ForcastResult.swift in Sources */ = {isa = PBXBuildFile; fileRef = B442CA842434BFF900605DAA /* ForcastResult.swift */; };
		B442CA8A2434BFF900605DAA /* Forcast.swift in Sources */ = {isa = PBXBuildFile; fileRef = B442CA852434BFF900605DAA /* Forcast.swift */; };
		B442CA8B2434BFF900605DAA /* Weather.swift in Sources */ = {isa = PBXBuildFile; fileRef = B442CA862434BFF900605DAA /* Weather.swift */; };
		B4B8E074243DFFB10007B011 /* ForcastTileView.swift in Sources */ = {isa = PBXBuildFile; fileRef = B4B8E073243DFFB10007B011 /* ForcastTileView.swift */; };
		B4C714492440AD31008ECEA3 /* DailyForcastView.swift in Sources */ = {isa = PBXBuildFile; fileRef = B4C714482440AD31008ECEA3 /* DailyForcastView.swift */; };
		B4C7144E2440ADE8008ECEA3 /* ForcastTileViewModel.swift in Sources */ = {isa = PBXBuildFile; fileRef = B4C7144D2440ADE8008ECEA3 /* ForcastTileViewModel.swift */; };
/* End PBXBuildFile section */

/* Begin PBXFileReference section */
		B4052D8F243F4E3D001FC3BB /* SplashViewModel.swift */ = {isa = PBXFileReference; lastKnownFileType = sourcecode.swift; path = SplashViewModel.swift; sourceTree = "<group>"; };
		B4052D91243F59EF001FC3BB /* OfflineWeatherService.swift */ = {isa = PBXFileReference; lastKnownFileType = sourcecode.swift; path = OfflineWeatherService.swift; sourceTree = "<group>"; };
		B4052D93243F5A71001FC3BB /* WeatherServiceFactory.swift */ = {isa = PBXFileReference; lastKnownFileType = sourcecode.swift; path = WeatherServiceFactory.swift; sourceTree = "<group>"; };
		B4052D95243F5A91001FC3BB /* WeatherServiceProtocol.swift */ = {isa = PBXFileReference; lastKnownFileType = sourcecode.swift; path = WeatherServiceProtocol.swift; sourceTree = "<group>"; };
		B4052D97243F5ACB001FC3BB /* LiveWeatherService.swift */ = {isa = PBXFileReference; lastKnownFileType = sourcecode.swift; path = LiveWeatherService.swift; sourceTree = "<group>"; };
		B40D12942434C33300985C4C /* ReadsJsonFromFile.swift */ = {isa = PBXFileReference; fileEncoding = 4; lastKnownFileType = sourcecode.swift; path = ReadsJsonFromFile.swift; sourceTree = "<group>"; };
		B40D12982434C44B00985C4C /* HomeView.swift */ = {isa = PBXFileReference; lastKnownFileType = sourcecode.swift; path = HomeView.swift; sourceTree = "<group>"; };
		B41602B22434C1380084250D /* lahore.json */ = {isa = PBXFileReference; fileEncoding = 4; lastKnownFileType = text.json; path = lahore.json; sourceTree = "<group>"; };
		B41602B32434C1380084250D /* cities.json */ = {isa = PBXFileReference; fileEncoding = 4; lastKnownFileType = text.json; path = cities.json; sourceTree = "<group>"; };
		B41602B52434C1380084250D /* OfflineCityService.swift */ = {isa = PBXFileReference; fileEncoding = 4; lastKnownFileType = sourcecode.swift; path = OfflineCityService.swift; sourceTree = "<group>"; };
		B41602B92434C1380084250D /* EndPointType.swift */ = {isa = PBXFileReference; fileEncoding = 4; lastKnownFileType = sourcecode.swift; path = EndPointType.swift; sourceTree = "<group>"; };
		B41602BA2434C1380084250D /* WeatherAPI.swift */ = {isa = PBXFileReference; fileEncoding = 4; lastKnownFileType = sourcecode.swift; path = WeatherAPI.swift; sourceTree = "<group>"; };
		B41602BC2434C1380084250D /* NetworkRouter.swift */ = {isa = PBXFileReference; fileEncoding = 4; lastKnownFileType = sourcecode.swift; path = NetworkRouter.swift; sourceTree = "<group>"; };
		B41602BD2434C1380084250D /* Router.swift */ = {isa = PBXFileReference; fileEncoding = 4; lastKnownFileType = sourcecode.swift; path = Router.swift; sourceTree = "<group>"; };
		B41602BF2434C1380084250D /* HTTPTask.swift */ = {isa = PBXFileReference; fileEncoding = 4; lastKnownFileType = sourcecode.swift; path = HTTPTask.swift; sourceTree = "<group>"; };
		B41602C02434C1380084250D /* HTTPParameterEncoder.swift */ = {isa = PBXFileReference; fileEncoding = 4; lastKnownFileType = sourcecode.swift; path = HTTPParameterEncoder.swift; sourceTree = "<group>"; };
		B41602C12434C1380084250D /* HTTPMethod.swift */ = {isa = PBXFileReference; fileEncoding = 4; lastKnownFileType = sourcecode.swift; path = HTTPMethod.swift; sourceTree = "<group>"; };
		B41602C22434C1380084250D /* HTTPURLParameterEncoder.swift */ = {isa = PBXFileReference; fileEncoding = 4; lastKnownFileType = sourcecode.swift; path = HTTPURLParameterEncoder.swift; sourceTree = "<group>"; };
		B41602C42434C1380084250D /* NetworkHandler.swift */ = {isa = PBXFileReference; fileEncoding = 4; lastKnownFileType = sourcecode.swift; path = NetworkHandler.swift; sourceTree = "<group>"; };
		B41602C62434C1380084250D /* NetworkReachability.swift */ = {isa = PBXFileReference; fileEncoding = 4; lastKnownFileType = sourcecode.swift; path = NetworkReachability.swift; sourceTree = "<group>"; };
		B41602C82434C1380084250D /* ImageService.swift */ = {isa = PBXFileReference; fileEncoding = 4; lastKnownFileType = sourcecode.swift; path = ImageService.swift; sourceTree = "<group>"; };
		B4280622243E1B8A00788AE1 /* ActivityIndicator.swift */ = {isa = PBXFileReference; lastKnownFileType = sourcecode.swift; path = ActivityIndicator.swift; sourceTree = "<group>"; };
		B4304ACE243E0D5C00E8F77A /* DummyHomeData.swift */ = {isa = PBXFileReference; lastKnownFileType = sourcecode.swift; path = DummyHomeData.swift; sourceTree = "<group>"; };
		B4304AD1243E150D00E8F77A /* SplashView.swift */ = {isa = PBXFileReference; lastKnownFileType = sourcecode.swift; path = SplashView.swift; sourceTree = "<group>"; };
		B44159A32434868900AA24D0 /* The Weather App.app */ = {isa = PBXFileReference; explicitFileType = wrapper.application; includeInIndex = 0; path = "The Weather App.app"; sourceTree = BUILT_PRODUCTS_DIR; };
		B44159A62434868900AA24D0 /* AppDelegate.swift */ = {isa = PBXFileReference; lastKnownFileType = sourcecode.swift; path = AppDelegate.swift; sourceTree = "<group>"; };
		B44159A82434868900AA24D0 /* SceneDelegate.swift */ = {isa = PBXFileReference; lastKnownFileType = sourcecode.swift; path = SceneDelegate.swift; sourceTree = "<group>"; };
		B44159AC2434868B00AA24D0 /* Assets.xcassets */ = {isa = PBXFileReference; lastKnownFileType = folder.assetcatalog; path = Assets.xcassets; sourceTree = "<group>"; };
		B44159AF2434868B00AA24D0 /* Preview Assets.xcassets */ = {isa = PBXFileReference; lastKnownFileType = folder.assetcatalog; path = "Preview Assets.xcassets"; sourceTree = "<group>"; };
		B44159B22434868B00AA24D0 /* Base */ = {isa = PBXFileReference; lastKnownFileType = file.storyboard; name = Base; path = Base.lproj/LaunchScreen.storyboard; sourceTree = "<group>"; };
		B44159B42434868B00AA24D0 /* Info.plist */ = {isa = PBXFileReference; lastKnownFileType = text.plist.xml; path = Info.plist; sourceTree = "<group>"; };
		B442CA762434B83100605DAA /* PresentsAlert.swift */ = {isa = PBXFileReference; lastKnownFileType = sourcecode.swift; path = PresentsAlert.swift; sourceTree = "<group>"; };
		B442CA782434BDE000605DAA /* Utility.swift */ = {isa = PBXFileReference; lastKnownFileType = sourcecode.swift; path = Utility.swift; sourceTree = "<group>"; };
		B442CA7B2434BEBF00605DAA /* Constants.swift */ = {isa = PBXFileReference; lastKnownFileType = sourcecode.swift; path = Constants.swift; sourceTree = "<group>"; };
		B442CA7D2434BF6500605DAA /* Extensions.swift */ = {isa = PBXFileReference; lastKnownFileType = sourcecode.swift; path = Extensions.swift; sourceTree = "<group>"; };
		B442CA7F2434BF8F00605DAA /* DecodesDataToModel.swift */ = {isa = PBXFileReference; lastKnownFileType = sourcecode.swift; path = DecodesDataToModel.swift; sourceTree = "<group>"; };
		B442CA822434BFF900605DAA /* City.swift */ = {isa = PBXFileReference; fileEncoding = 4; lastKnownFileType = sourcecode.swift; path = City.swift; sourceTree = "<group>"; };
		B442CA832434BFF900605DAA /* WeatherParticular.swift */ = {isa = PBXFileReference; fileEncoding = 4; lastKnownFileType = sourcecode.swift; path = WeatherParticular.swift; sourceTree = "<group>"; };
		B442CA842434BFF900605DAA /* ForcastResult.swift */ = {isa = PBXFileReference; fileEncoding = 4; lastKnownFileType = sourcecode.swift; path = ForcastResult.swift; sourceTree = "<group>"; };
		B442CA852434BFF900605DAA /* Forcast.swift */ = {isa = PBXFileReference; fileEncoding = 4; lastKnownFileType = sourcecode.swift; path = Forcast.swift; sourceTree = "<group>"; };
		B442CA862434BFF900605DAA /* Weather.swift */ = {isa = PBXFileReference; fileEncoding = 4; lastKnownFileType = sourcecode.swift; path = Weather.swift; sourceTree = "<group>"; };
		B4B8E073243DFFB10007B011 /* ForcastTileView.swift */ = {isa = PBXFileReference; lastKnownFileType = sourcecode.swift; path = ForcastTileView.swift; sourceTree = "<group>"; };
		B4C714482440AD31008ECEA3 /* DailyForcastView.swift */ = {isa = PBXFileReference; fileEncoding = 4; lastKnownFileType = sourcecode.swift; path = DailyForcastView.swift; sourceTree = "<group>"; };
		B4C7144D2440ADE8008ECEA3 /* ForcastTileViewModel.swift */ = {isa = PBXFileReference; lastKnownFileType = sourcecode.swift; path = ForcastTileViewModel.swift; sourceTree = "<group>"; };
/* End PBXFileReference section */

/* Begin PBXFrameworksBuildPhase section */
		B44159A02434868900AA24D0 /* Frameworks */ = {
			isa = PBXFrameworksBuildPhase;
			buildActionMask = 2147483647;
			files = (
			);
			runOnlyForDeploymentPostprocessing = 0;
		};
/* End PBXFrameworksBuildPhase section */

/* Begin PBXGroup section */
		B40D12962434C3F000985C4C /* Source */ = {
			isa = PBXGroup;
			children = (
				B4280621243E1B7A00788AE1 /* CommonViews */,
				B4304AD0243E14FB00E8F77A /* Splash */,
				B40D12972434C41C00985C4C /* Home */,
			);
			path = Source;
			sourceTree = "<group>";
		};
		B40D12972434C41C00985C4C /* Home */ = {
			isa = PBXGroup;
			children = (
				B4C7144B2440AD9F008ECEA3 /* ForcastTileView */,
				B4C7144C2440ADBF008ECEA3 /* DailyForcastView */,
				B4C7144A2440AD8E008ECEA3 /* HomeView */,
				B4304ACE243E0D5C00E8F77A /* DummyHomeData.swift */,
			);
			path = Home;
			sourceTree = "<group>";
		};
		B41602B02434C1380084250D /* Offline */ = {
			isa = PBXGroup;
			children = (
				B41602B22434C1380084250D /* lahore.json */,
				B41602B32434C1380084250D /* cities.json */,
				B41602B42434C1380084250D /* Services */,
			);
			path = Offline;
			sourceTree = "<group>";
		};
		B41602B42434C1380084250D /* Services */ = {
			isa = PBXGroup;
			children = (
				B41602B52434C1380084250D /* OfflineCityService.swift */,
				B4052D91243F59EF001FC3BB /* OfflineWeatherService.swift */,
			);
			path = Services;
			sourceTree = "<group>";
		};
		B41602B72434C1380084250D /* Networking */ = {
			isa = PBXGroup;
			children = (
				B41602B82434C1380084250D /* EndPoints */,
				B41602BB2434C1380084250D /* NetworkRouting */,
				B41602BE2434C1380084250D /* HTTPHandlers */,
				B41602C32434C1380084250D /* NetworkHandler */,
				B41602C52434C1380084250D /* Reachability */,
				B41602C72434C1380084250D /* Services */,
			);
			path = Networking;
			sourceTree = "<group>";
		};
		B41602B82434C1380084250D /* EndPoints */ = {
			isa = PBXGroup;
			children = (
				B41602B92434C1380084250D /* EndPointType.swift */,
				B41602BA2434C1380084250D /* WeatherAPI.swift */,
			);
			path = EndPoints;
			sourceTree = "<group>";
		};
		B41602BB2434C1380084250D /* NetworkRouting */ = {
			isa = PBXGroup;
			children = (
				B41602BC2434C1380084250D /* NetworkRouter.swift */,
				B41602BD2434C1380084250D /* Router.swift */,
			);
			path = NetworkRouting;
			sourceTree = "<group>";
		};
		B41602BE2434C1380084250D /* HTTPHandlers */ = {
			isa = PBXGroup;
			children = (
				B41602BF2434C1380084250D /* HTTPTask.swift */,
				B41602C02434C1380084250D /* HTTPParameterEncoder.swift */,
				B41602C12434C1380084250D /* HTTPMethod.swift */,
				B41602C22434C1380084250D /* HTTPURLParameterEncoder.swift */,
			);
			path = HTTPHandlers;
			sourceTree = "<group>";
		};
		B41602C32434C1380084250D /* NetworkHandler */ = {
			isa = PBXGroup;
			children = (
				B41602C42434C1380084250D /* NetworkHandler.swift */,
			);
			path = NetworkHandler;
			sourceTree = "<group>";
		};
		B41602C52434C1380084250D /* Reachability */ = {
			isa = PBXGroup;
			children = (
				B41602C62434C1380084250D /* NetworkReachability.swift */,
			);
			path = Reachability;
			sourceTree = "<group>";
		};
		B41602C72434C1380084250D /* Services */ = {
			isa = PBXGroup;
			children = (
				B41602C82434C1380084250D /* ImageService.swift */,
				B4052D93243F5A71001FC3BB /* WeatherServiceFactory.swift */,
				B4052D95243F5A91001FC3BB /* WeatherServiceProtocol.swift */,
				B4052D97243F5ACB001FC3BB /* LiveWeatherService.swift */,
			);
			path = Services;
			sourceTree = "<group>";
		};
		B4280621243E1B7A00788AE1 /* CommonViews */ = {
			isa = PBXGroup;
			children = (
				B4280622243E1B8A00788AE1 /* ActivityIndicator.swift */,
			);
			path = CommonViews;
			sourceTree = "<group>";
		};
		B4304AD0243E14FB00E8F77A /* Splash */ = {
			isa = PBXGroup;
			children = (
				B4304AD1243E150D00E8F77A /* SplashView.swift */,
				B4052D8F243F4E3D001FC3BB /* SplashViewModel.swift */,
			);
			path = Splash;
			sourceTree = "<group>";
		};
		B441599A2434868900AA24D0 = {
			isa = PBXGroup;
			children = (
				B44159A52434868900AA24D0 /* The Weather App */,
				B44159A42434868900AA24D0 /* Products */,
			);
			sourceTree = "<group>";
		};
		B44159A42434868900AA24D0 /* Products */ = {
			isa = PBXGroup;
			children = (
				B44159A32434868900AA24D0 /* The Weather App.app */,
			);
			name = Products;
			sourceTree = "<group>";
		};
		B44159A52434868900AA24D0 /* The Weather App */ = {
			isa = PBXGroup;
			children = (
				B40D12962434C3F000985C4C /* Source */,
				B41602B72434C1380084250D /* Networking */,
				B41602B02434C1380084250D /* Offline */,
				B442CA8C2434C04400605DAA /* Assets */,
				B442CA732434B7AE00605DAA /* Delegates */,
				B442CA7A2434BEA700605DAA /* Constants */,
				B442CA752434B80D00605DAA /* Utilities */,
				B442CA812434BFE200605DAA /* Models */,
				B442CA742434B7E600605DAA /* Launch Screen */,
				B44159AE2434868B00AA24D0 /* Preview Content */,
				B44159B42434868B00AA24D0 /* Info.plist */,
			);
			path = "The Weather App";
			sourceTree = "<group>";
		};
		B44159AE2434868B00AA24D0 /* Preview Content */ = {
			isa = PBXGroup;
			children = (
				B44159AF2434868B00AA24D0 /* Preview Assets.xcassets */,
			);
			path = "Preview Content";
			sourceTree = "<group>";
		};
		B442CA732434B7AE00605DAA /* Delegates */ = {
			isa = PBXGroup;
			children = (
				B44159A62434868900AA24D0 /* AppDelegate.swift */,
				B44159A82434868900AA24D0 /* SceneDelegate.swift */,
			);
			path = Delegates;
			sourceTree = "<group>";
		};
		B442CA742434B7E600605DAA /* Launch Screen */ = {
			isa = PBXGroup;
			children = (
				B44159B12434868B00AA24D0 /* LaunchScreen.storyboard */,
			);
			path = "Launch Screen";
			sourceTree = "<group>";
		};
		B442CA752434B80D00605DAA /* Utilities */ = {
			isa = PBXGroup;
			children = (
				B40D12942434C33300985C4C /* ReadsJsonFromFile.swift */,
				B442CA762434B83100605DAA /* PresentsAlert.swift */,
				B442CA782434BDE000605DAA /* Utility.swift */,
				B442CA7D2434BF6500605DAA /* Extensions.swift */,
				B442CA7F2434BF8F00605DAA /* DecodesDataToModel.swift */,
			);
			path = Utilities;
			sourceTree = "<group>";
		};
		B442CA7A2434BEA700605DAA /* Constants */ = {
			isa = PBXGroup;
			children = (
				B442CA7B2434BEBF00605DAA /* Constants.swift */,
			);
			path = Constants;
			sourceTree = "<group>";
		};
		B442CA812434BFE200605DAA /* Models */ = {
			isa = PBXGroup;
			children = (
				B442CA822434BFF900605DAA /* City.swift */,
				B442CA852434BFF900605DAA /* Forcast.swift */,
				B442CA842434BFF900605DAA /* ForcastResult.swift */,
				B442CA862434BFF900605DAA /* Weather.swift */,
				B442CA832434BFF900605DAA /* WeatherParticular.swift */,
			);
			path = Models;
			sourceTree = "<group>";
		};
		B442CA8C2434C04400605DAA /* Assets */ = {
			isa = PBXGroup;
			children = (
				B44159AC2434868B00AA24D0 /* Assets.xcassets */,
			);
			path = Assets;
			sourceTree = "<group>";
		};
		B4C7144A2440AD8E008ECEA3 /* HomeView */ = {
			isa = PBXGroup;
			children = (
				B40D12982434C44B00985C4C /* HomeView.swift */,
			);
			path = HomeView;
			sourceTree = "<group>";
		};
		B4C7144B2440AD9F008ECEA3 /* ForcastTileView */ = {
			isa = PBXGroup;
			children = (
				B4B8E073243DFFB10007B011 /* ForcastTileView.swift */,
				B4C7144D2440ADE8008ECEA3 /* ForcastTileViewModel.swift */,
			);
			path = ForcastTileView;
			sourceTree = "<group>";
		};
		B4C7144C2440ADBF008ECEA3 /* DailyForcastView */ = {
			isa = PBXGroup;
			children = (
				B4C714482440AD31008ECEA3 /* DailyForcastView.swift */,
			);
			path = DailyForcastView;
			sourceTree = "<group>";
		};
/* End PBXGroup section */

/* Begin PBXNativeTarget section */
		B44159A22434868900AA24D0 /* The Weather App */ = {
			isa = PBXNativeTarget;
			buildConfigurationList = B44159CD2434868B00AA24D0 /* Build configuration list for PBXNativeTarget "The Weather App" */;
			buildPhases = (
				B441599F2434868900AA24D0 /* Sources */,
				B44159A02434868900AA24D0 /* Frameworks */,
				B44159A12434868900AA24D0 /* Resources */,
			);
			buildRules = (
			);
			dependencies = (
			);
			name = "The Weather App";
			productName = "The Weather App";
			productReference = B44159A32434868900AA24D0 /* The Weather App.app */;
			productType = "com.apple.product-type.application";
		};
/* End PBXNativeTarget section */

/* Begin PBXProject section */
		B441599B2434868900AA24D0 /* Project object */ = {
			isa = PBXProject;
			attributes = {
				LastSwiftUpdateCheck = 1120;
				LastUpgradeCheck = 1120;
				ORGANIZATIONNAME = "The Weather App";
				TargetAttributes = {
					B44159A22434868900AA24D0 = {
						CreatedOnToolsVersion = 11.2.1;
					};
				};
			};
			buildConfigurationList = B441599E2434868900AA24D0 /* Build configuration list for PBXProject "The Weather App" */;
			compatibilityVersion = "Xcode 9.3";
			developmentRegion = en;
			hasScannedForEncodings = 0;
			knownRegions = (
				en,
				Base,
			);
			mainGroup = B441599A2434868900AA24D0;
			productRefGroup = B44159A42434868900AA24D0 /* Products */;
			projectDirPath = "";
			projectRoot = "";
			targets = (
				B44159A22434868900AA24D0 /* The Weather App */,
			);
		};
/* End PBXProject section */

/* Begin PBXResourcesBuildPhase section */
		B44159A12434868900AA24D0 /* Resources */ = {
			isa = PBXResourcesBuildPhase;
			buildActionMask = 2147483647;
			files = (
				B44159B32434868B00AA24D0 /* LaunchScreen.storyboard in Resources */,
				B41602CC2434C1380084250D /* cities.json in Resources */,
				B44159B02434868B00AA24D0 /* Preview Assets.xcassets in Resources */,
				B41602CB2434C1380084250D /* lahore.json in Resources */,
				B44159AD2434868B00AA24D0 /* Assets.xcassets in Resources */,
			);
			runOnlyForDeploymentPostprocessing = 0;
		};
/* End PBXResourcesBuildPhase section */

/* Begin PBXSourcesBuildPhase section */
		B441599F2434868900AA24D0 /* Sources */ = {
			isa = PBXSourcesBuildPhase;
			buildActionMask = 2147483647;
			files = (
				B40D12992434C44B00985C4C /* HomeView.swift in Sources */,
				B41602D32434C1380084250D /* HTTPTask.swift in Sources */,
				B41602D92434C1380084250D /* ImageService.swift in Sources */,
				B442CA802434BF8F00605DAA /* DecodesDataToModel.swift in Sources */,
				B40D12952434C33300985C4C /* ReadsJsonFromFile.swift in Sources */,
				B442CA792434BDE000605DAA /* Utility.swift in Sources */,
				B4052D90243F4E3D001FC3BB /* SplashViewModel.swift in Sources */,
				B442CA872434BFF900605DAA /* City.swift in Sources */,
				B44159A72434868900AA24D0 /* AppDelegate.swift in Sources */,
				B41602D42434C1380084250D /* HTTPParameterEncoder.swift in Sources */,
				B4B8E074243DFFB10007B011 /* ForcastTileView.swift in Sources */,
				B41602D82434C1380084250D /* NetworkReachability.swift in Sources */,
				B4052D94243F5A71001FC3BB /* WeatherServiceFactory.swift in Sources */,
				B44159A92434868900AA24D0 /* SceneDelegate.swift in Sources */,
				B41602D72434C1380084250D /* NetworkHandler.swift in Sources */,
				B4052D98243F5ACB001FC3BB /* LiveWeatherService.swift in Sources */,
				B442CA892434BFF900605DAA /* ForcastResult.swift in Sources */,
				B4C7144E2440ADE8008ECEA3 /* ForcastTileViewModel.swift in Sources */,
				B442CA8A2434BFF900605DAA /* Forcast.swift in Sources */,
				B442CA772434B83100605DAA /* PresentsAlert.swift in Sources */,
				B4304AD2243E150D00E8F77A /* SplashView.swift in Sources */,
				B4052D92243F59EF001FC3BB /* OfflineWeatherService.swift in Sources */,
				B41602D02434C1380084250D /* WeatherAPI.swift in Sources */,
				B41602D62434C1380084250D /* HTTPURLParameterEncoder.swift in Sources */,
				B4304ACF243E0D5C00E8F77A /* DummyHomeData.swift in Sources */,
				B41602CD2434C1380084250D /* OfflineCityService.swift in Sources */,
				B4C714492440AD31008ECEA3 /* DailyForcastView.swift in Sources */,
				B41602D22434C1380084250D /* Router.swift in Sources */,
				B442CA8B2434BFF900605DAA /* Weather.swift in Sources */,
				B4280623243E1B8A00788AE1 /* ActivityIndicator.swift in Sources */,
				B4052D96243F5A91001FC3BB /* WeatherServiceProtocol.swift in Sources */,
				B41602CF2434C1380084250D /* EndPointType.swift in Sources */,
				B442CA882434BFF900605DAA /* WeatherParticular.swift in Sources */,
				B41602D12434C1380084250D /* NetworkRouter.swift in Sources */,
				B41602D52434C1380084250D /* HTTPMethod.swift in Sources */,
				B442CA7C2434BEBF00605DAA /* Constants.swift in Sources */,
				B442CA7E2434BF6500605DAA /* Extensions.swift in Sources */,
			);
			runOnlyForDeploymentPostprocessing = 0;
		};
/* End PBXSourcesBuildPhase section */

/* Begin PBXVariantGroup section */
		B44159B12434868B00AA24D0 /* LaunchScreen.storyboard */ = {
			isa = PBXVariantGroup;
			children = (
				B44159B22434868B00AA24D0 /* Base */,
			);
			name = LaunchScreen.storyboard;
			sourceTree = "<group>";
		};
/* End PBXVariantGroup section */

/* Begin XCBuildConfiguration section */
		B44159CB2434868B00AA24D0 /* Debug */ = {
			isa = XCBuildConfiguration;
			buildSettings = {
				ALWAYS_SEARCH_USER_PATHS = NO;
				CLANG_ANALYZER_NONNULL = YES;
				CLANG_ANALYZER_NUMBER_OBJECT_CONVERSION = YES_AGGRESSIVE;
				CLANG_CXX_LANGUAGE_STANDARD = "gnu++14";
				CLANG_CXX_LIBRARY = "libc++";
				CLANG_ENABLE_MODULES = YES;
				CLANG_ENABLE_OBJC_ARC = YES;
				CLANG_ENABLE_OBJC_WEAK = YES;
				CLANG_WARN_BLOCK_CAPTURE_AUTORELEASING = YES;
				CLANG_WARN_BOOL_CONVERSION = YES;
				CLANG_WARN_COMMA = YES;
				CLANG_WARN_CONSTANT_CONVERSION = YES;
				CLANG_WARN_DEPRECATED_OBJC_IMPLEMENTATIONS = YES;
				CLANG_WARN_DIRECT_OBJC_ISA_USAGE = YES_ERROR;
				CLANG_WARN_DOCUMENTATION_COMMENTS = YES;
				CLANG_WARN_EMPTY_BODY = YES;
				CLANG_WARN_ENUM_CONVERSION = YES;
				CLANG_WARN_INFINITE_RECURSION = YES;
				CLANG_WARN_INT_CONVERSION = YES;
				CLANG_WARN_NON_LITERAL_NULL_CONVERSION = YES;
				CLANG_WARN_OBJC_IMPLICIT_RETAIN_SELF = YES;
				CLANG_WARN_OBJC_LITERAL_CONVERSION = YES;
				CLANG_WARN_OBJC_ROOT_CLASS = YES_ERROR;
				CLANG_WARN_RANGE_LOOP_ANALYSIS = YES;
				CLANG_WARN_STRICT_PROTOTYPES = YES;
				CLANG_WARN_SUSPICIOUS_MOVE = YES;
				CLANG_WARN_UNGUARDED_AVAILABILITY = YES_AGGRESSIVE;
				CLANG_WARN_UNREACHABLE_CODE = YES;
				CLANG_WARN__DUPLICATE_METHOD_MATCH = YES;
				COPY_PHASE_STRIP = NO;
				DEBUG_INFORMATION_FORMAT = dwarf;
				ENABLE_STRICT_OBJC_MSGSEND = YES;
				ENABLE_TESTABILITY = YES;
				GCC_C_LANGUAGE_STANDARD = gnu11;
				GCC_DYNAMIC_NO_PIC = NO;
				GCC_NO_COMMON_BLOCKS = YES;
				GCC_OPTIMIZATION_LEVEL = 0;
				GCC_PREPROCESSOR_DEFINITIONS = (
					"DEBUG=1",
					"$(inherited)",
				);
				GCC_WARN_64_TO_32_BIT_CONVERSION = YES;
				GCC_WARN_ABOUT_RETURN_TYPE = YES_ERROR;
				GCC_WARN_UNDECLARED_SELECTOR = YES;
				GCC_WARN_UNINITIALIZED_AUTOS = YES_AGGRESSIVE;
				GCC_WARN_UNUSED_FUNCTION = YES;
				GCC_WARN_UNUSED_VARIABLE = YES;
				IPHONEOS_DEPLOYMENT_TARGET = 13.2;
				MTL_ENABLE_DEBUG_INFO = INCLUDE_SOURCE;
				MTL_FAST_MATH = YES;
				ONLY_ACTIVE_ARCH = YES;
				SDKROOT = iphoneos;
				SWIFT_ACTIVE_COMPILATION_CONDITIONS = DEBUG;
				SWIFT_OPTIMIZATION_LEVEL = "-Onone";
				SWIFT_PRECOMPILE_BRIDGING_HEADER = NO;
			};
			name = Debug;
		};
		B44159CC2434868B00AA24D0 /* Release */ = {
			isa = XCBuildConfiguration;
			buildSettings = {
				ALWAYS_SEARCH_USER_PATHS = NO;
				CLANG_ANALYZER_NONNULL = YES;
				CLANG_ANALYZER_NUMBER_OBJECT_CONVERSION = YES_AGGRESSIVE;
				CLANG_CXX_LANGUAGE_STANDARD = "gnu++14";
				CLANG_CXX_LIBRARY = "libc++";
				CLANG_ENABLE_MODULES = YES;
				CLANG_ENABLE_OBJC_ARC = YES;
				CLANG_ENABLE_OBJC_WEAK = YES;
				CLANG_WARN_BLOCK_CAPTURE_AUTORELEASING = YES;
				CLANG_WARN_BOOL_CONVERSION = YES;
				CLANG_WARN_COMMA = YES;
				CLANG_WARN_CONSTANT_CONVERSION = YES;
				CLANG_WARN_DEPRECATED_OBJC_IMPLEMENTATIONS = YES;
				CLANG_WARN_DIRECT_OBJC_ISA_USAGE = YES_ERROR;
				CLANG_WARN_DOCUMENTATION_COMMENTS = YES;
				CLANG_WARN_EMPTY_BODY = YES;
				CLANG_WARN_ENUM_CONVERSION = YES;
				CLANG_WARN_INFINITE_RECURSION = YES;
				CLANG_WARN_INT_CONVERSION = YES;
				CLANG_WARN_NON_LITERAL_NULL_CONVERSION = YES;
				CLANG_WARN_OBJC_IMPLICIT_RETAIN_SELF = YES;
				CLANG_WARN_OBJC_LITERAL_CONVERSION = YES;
				CLANG_WARN_OBJC_ROOT_CLASS = YES_ERROR;
				CLANG_WARN_RANGE_LOOP_ANALYSIS = YES;
				CLANG_WARN_STRICT_PROTOTYPES = YES;
				CLANG_WARN_SUSPICIOUS_MOVE = YES;
				CLANG_WARN_UNGUARDED_AVAILABILITY = YES_AGGRESSIVE;
				CLANG_WARN_UNREACHABLE_CODE = YES;
				CLANG_WARN__DUPLICATE_METHOD_MATCH = YES;
				COPY_PHASE_STRIP = NO;
				DEBUG_INFORMATION_FORMAT = "dwarf-with-dsym";
				ENABLE_NS_ASSERTIONS = NO;
				ENABLE_STRICT_OBJC_MSGSEND = YES;
				GCC_C_LANGUAGE_STANDARD = gnu11;
				GCC_NO_COMMON_BLOCKS = YES;
				GCC_WARN_64_TO_32_BIT_CONVERSION = YES;
				GCC_WARN_ABOUT_RETURN_TYPE = YES_ERROR;
				GCC_WARN_UNDECLARED_SELECTOR = YES;
				GCC_WARN_UNINITIALIZED_AUTOS = YES_AGGRESSIVE;
				GCC_WARN_UNUSED_FUNCTION = YES;
				GCC_WARN_UNUSED_VARIABLE = YES;
				IPHONEOS_DEPLOYMENT_TARGET = 13.2;
				MTL_ENABLE_DEBUG_INFO = NO;
				MTL_FAST_MATH = YES;
				SDKROOT = iphoneos;
				SWIFT_COMPILATION_MODE = singlefile;
				SWIFT_OPTIMIZATION_LEVEL = "-O";
				SWIFT_PRECOMPILE_BRIDGING_HEADER = NO;
				VALIDATE_PRODUCT = YES;
			};
			name = Release;
		};
		B44159CE2434868B00AA24D0 /* Debug */ = {
			isa = XCBuildConfiguration;
			buildSettings = {
				ASSETCATALOG_COMPILER_APPICON_NAME = AppIcon;
				CODE_SIGN_STYLE = Automatic;
				DEVELOPMENT_ASSET_PATHS = "\"The Weather App/Preview Content\"";
				DEVELOPMENT_TEAM = Q72P3K4QX4;
				ENABLE_PREVIEWS = YES;
				INFOPLIST_FILE = "The Weather App/Info.plist";
				LD_RUNPATH_SEARCH_PATHS = (
					"$(inherited)",
					"@executable_path/Frameworks",
				);
				PRODUCT_BUNDLE_IDENTIFIER = "com.theweatherapp.The-Weather-App";
				PRODUCT_NAME = "$(TARGET_NAME)";
				SWIFT_COMPILATION_MODE = singlefile;
				SWIFT_PRECOMPILE_BRIDGING_HEADER = YES;
				SWIFT_VERSION = 5.0;
				TARGETED_DEVICE_FAMILY = "1,2";
			};
			name = Debug;
		};
		B44159CF2434868B00AA24D0 /* Release */ = {
			isa = XCBuildConfiguration;
			buildSettings = {
				ASSETCATALOG_COMPILER_APPICON_NAME = AppIcon;
				CODE_SIGN_STYLE = Automatic;
				DEVELOPMENT_ASSET_PATHS = "\"The Weather App/Preview Content\"";
				DEVELOPMENT_TEAM = Q72P3K4QX4;
				ENABLE_PREVIEWS = YES;
				INFOPLIST_FILE = "The Weather App/Info.plist";
				LD_RUNPATH_SEARCH_PATHS = (
					"$(inherited)",
					"@executable_path/Frameworks",
				);
				PRODUCT_BUNDLE_IDENTIFIER = "com.theweatherapp.The-Weather-App";
				PRODUCT_NAME = "$(TARGET_NAME)";
				SWIFT_COMPILATION_MODE = singlefile;
				SWIFT_PRECOMPILE_BRIDGING_HEADER = YES;
				SWIFT_VERSION = 5.0;
				TARGETED_DEVICE_FAMILY = "1,2";
			};
			name = Release;
		};
/* End XCBuildConfiguration section */

/* Begin XCConfigurationList section */
		B441599E2434868900AA24D0 /* Build configuration list for PBXProject "The Weather App" */ = {
			isa = XCConfigurationList;
			buildConfigurations = (
				B44159CB2434868B00AA24D0 /* Debug */,
				B44159CC2434868B00AA24D0 /* Release */,
			);
			defaultConfigurationIsVisible = 0;
			defaultConfigurationName = Release;
		};
		B44159CD2434868B00AA24D0 /* Build configuration list for PBXNativeTarget "The Weather App" */ = {
			isa = XCConfigurationList;
			buildConfigurations = (
				B44159CE2434868B00AA24D0 /* Debug */,
				B44159CF2434868B00AA24D0 /* Release */,
			);
			defaultConfigurationIsVisible = 0;
			defaultConfigurationName = Release;
		};
/* End XCConfigurationList section */
	};
	rootObject = B441599B2434868900AA24D0 /* Project object */;
}
